{
  "name": "@singleware/ui-tabs",
  "version": "1.0.16",
  "lockfileVersion": 1,
  "requires": true,
  "dependencies": {
    "@singleware/class": {
      "version": "1.1.19",
      "resolved": "https://registry.npmjs.org/@singleware/class/-/class-1.1.19.tgz",
      "integrity": "sha512-WDZ+FF8Y+HCMvO3FDbl1id2AT/1GK96DQsg4ukmK3ESqudppbXXVzQe7UdaQJFpWw8yBifm+zAucUgGufXtQiQ=="
    },
    "@singleware/jsx": {
      "version": "1.0.32",
      "resolved": "https://registry.npmjs.org/@singleware/jsx/-/jsx-1.0.32.tgz",
      "integrity": "sha512-nUUpNfQGocugySaxqekZG1CYG+hR2YAcDstKxmhxQ8OBuWxdk273bixJas9Sk2na9HfIUJqOSRlpB3RqZ6LUYw==",
      "requires": {
        "@singleware/class": "^1.1.14"
      }
    },
    "@singleware/ui-control": {
      "version": "1.1.10",
      "resolved": "https://registry.npmjs.org/@singleware/ui-control/-/ui-control-1.1.10.tgz",
      "integrity": "sha512-Pe/+gSQAgvY8leqKwZQtxMCBasJ2HjNJ1LC0fxSag9vpO6fQaiOpCi+29Bq3mIlhEMzVm8i5n3IVQ+IdR8H9dg==",
      "requires": {
        "@singleware/class": "^1.1.14",
        "@singleware/jsx": "^1.0.18"
      }
    },
    "prettier": {
      "version": "2.0.5",
      "resolved": "https://registry.npmjs.org/prettier/-/prettier-2.0.5.tgz",
      "integrity": "sha512-7PtVymN48hGcO4fGjybyBSIWDsLU4H4XlvOHfq91pz9kkGlonzwTfYkaIEwiRg/dAJF9YlbsduBAgtYLi+8cFg==",
      "dev": true
    },
    "typescript": {
      "version": "3.8.3",
      "resolved": "https://registry.npmjs.org/typescript/-/typescript-3.8.3.tgz",
      "integrity": "sha512-MYlEfn5VrLNsgudQTVJeNaQFUAI7DkhnOjdpAp4T+ku1TfQClewlbSuTVHiA+8skNBgaf02TL/kLOvig4y3G8w==",
      "dev": true
    }
  }
}
